
Microsoft Visual Studio Solution File, Format Version 12.00
# Visual Studio Version 17
VisualStudioVersion = 17.8.34316.72
MinimumVisualStudioVersion = 10.0.40219.1
Project("{2150E333-8FDC-42A3-9474-1A3956D46DE8}") = "src", "src", "{4F2B0ED2-DF30-4768-B8D9-C8847E4FD2C1}"
EndProject
Project("{2150E333-8FDC-42A3-9474-1A3956D46DE8}") = "test", "test", "{275DB2CA-7BA8-4A6D-B68F-E482E23BD66C}"
EndProject
Project("{FAE04EC0-301F-11D3-BF4B-00C04F79EFBC}") = "Bookify.Domain", "Bookify.Domain\Bookify.Domain.csproj", "{2D5F61F1-88B3-401B-80CE-CF450E66F8C5}"
EndProject
Global
	GlobalSection(SolutionConfigurationPlatforms) = preSolution
		Debug|Any CPU = Debug|Any CPU
		Release|Any CPU = Release|Any CPU
	EndGlobalSection
	GlobalSection(ProjectConfigurationPlatforms) = postSolution
		{2D5F61F1-88B3-401B-80CE-CF450E66F8C5}.Debug|Any CPU.ActiveCfg = Debug|Any CPU
		{2D5F61F1-88B3-401B-80CE-CF450E66F8C5}.Debug|Any CPU.Build.0 = Debug|Any CPU
		{2D5F61F1-88B3-401B-80CE-CF450E66F8C5}.Release|Any CPU.ActiveCfg = Release|Any CPU
		{2D5F61F1-88B3-401B-80CE-CF450E66F8C5}.Release|Any CPU.Build.0 = Release|Any CPU
	EndGlobalSection
	GlobalSection(SolutionProperties) = preSolution
		HideSolutionNode = FALSE
	EndGlobalSection
	GlobalSection(NestedProjects) = preSolution
		{2D5F61F1-88B3-401B-80CE-CF450E66F8C5} = {4F2B0ED2-DF30-4768-B8D9-C8847E4FD2C1}
	EndGlobalSection
	GlobalSection(ExtensibilityGlobals) = postSolution
		SolutionGuid = {02BA7BE5-F65C-4315-8DFC-281CDD435C25}
	EndGlobalSection
EndGlobal
